
Microsoft Visual Studio Solution File, Format Version 12.00
# Visual Studio Version 16
VisualStudioVersion = 16.0.31729.503
MinimumVisualStudioVersion = 10.0.40219.1
Project("{FAE04EC0-301F-11D3-BF4B-00C04F79EFBC}") = "Travail1-Exercice4", "Travail1-Exercice4\Travail1-Exercice4.csproj", "{4CB95D0C-5F17-46B9-A22D-9D0BD28F4152}"
EndProject
Global
	GlobalSection(SolutionConfigurationPlatforms) = preSolution
		Debug|Any CPU = Debug|Any CPU
		Release|Any CPU = Release|Any CPU
	EndGlobalSection
	GlobalSection(ProjectConfigurationPlatforms) = postSolution
		{4CB95D0C-5F17-46B9-A22D-9D0BD28F4152}.Debug|Any CPU.ActiveCfg = Debug|Any CPU
		{4CB95D0C-5F17-46B9-A22D-9D0BD28F4152}.Debug|Any CPU.Build.0 = Debug|Any CPU
		{4CB95D0C-5F17-46B9-A22D-9D0BD28F4152}.Release|Any CPU.ActiveCfg = Release|Any CPU
		{4CB95D0C-5F17-46B9-A22D-9D0BD28F4152}.Release|Any CPU.Build.0 = Release|Any CPU
	EndGlobalSection
	GlobalSection(SolutionProperties) = preSolution
		HideSolutionNode = FALSE
	EndGlobalSection
	GlobalSection(ExtensibilityGlobals) = postSolution
		SolutionGuid = {D63DD485-7C66-4153-B2DB-278BE57AD6E4}
	EndGlobalSection
EndGlobal
