
Microsoft Visual Studio Solution File, Format Version 12.00
# Visual Studio Version 16
VisualStudioVersion = 16.0.31729.503
MinimumVisualStudioVersion = 10.0.40219.1
Project("{FAE04EC0-301F-11D3-BF4B-00C04F79EFBC}") = "Travail1-Exercice2", "Travail1-Exercice2\Travail1-Exercice2.csproj", "{70AD1FDC-2751-418E-84D8-EC711A2232A4}"
EndProject
Global
	GlobalSection(SolutionConfigurationPlatforms) = preSolution
		Debug|Any CPU = Debug|Any CPU
		Release|Any CPU = Release|Any CPU
	EndGlobalSection
	GlobalSection(ProjectConfigurationPlatforms) = postSolution
		{70AD1FDC-2751-418E-84D8-EC711A2232A4}.Debug|Any CPU.ActiveCfg = Debug|Any CPU
		{70AD1FDC-2751-418E-84D8-EC711A2232A4}.Debug|Any CPU.Build.0 = Debug|Any CPU
		{70AD1FDC-2751-418E-84D8-EC711A2232A4}.Release|Any CPU.ActiveCfg = Release|Any CPU
		{70AD1FDC-2751-418E-84D8-EC711A2232A4}.Release|Any CPU.Build.0 = Release|Any CPU
	EndGlobalSection
	GlobalSection(SolutionProperties) = preSolution
		HideSolutionNode = FALSE
	EndGlobalSection
	GlobalSection(ExtensibilityGlobals) = postSolution
		SolutionGuid = {77FB2C8D-F5BC-4DE4-865B-9D0319BE45EC}
	EndGlobalSection
EndGlobal
